
Microsoft Visual Studio Solution File, Format Version 12.00
# Visual Studio 15
VisualStudioVersion = 15.0.27703.2000
MinimumVisualStudioVersion = 10.0.40219.1
Project("{E24C65DC-7377-472B-9ABA-BC803B73C61A}") = "JSPractice", "JSPractice\", "{2FDA7012-E6B5-4780-8518-B4C62A6E78F3}"
	ProjectSection(WebsiteProperties) = preProject
		TargetFrameworkMoniker = ".NETFramework,Version%3Dv4.6.1"
		Debug.AspNetCompiler.VirtualPath = "/localhost_56559"
		Debug.AspNetCompiler.PhysicalPath = "JSPractice\"
		Debug.AspNetCompiler.TargetPath = "PrecompiledWeb\localhost_56559\"
		Debug.AspNetCompiler.Updateable = "true"
		Debug.AspNetCompiler.ForceOverwrite = "true"
		Debug.AspNetCompiler.FixedNames = "false"
		Debug.AspNetCompiler.Debug = "True"
		Release.AspNetCompiler.VirtualPath = "/localhost_56559"
		Release.AspNetCompiler.PhysicalPath = "JSPractice\"
		Release.AspNetCompiler.TargetPath = "PrecompiledWeb\localhost_56559\"
		Release.AspNetCompiler.Updateable = "true"
		Release.AspNetCompiler.ForceOverwrite = "true"
		Release.AspNetCompiler.FixedNames = "false"
		Release.AspNetCompiler.Debug = "False"
		VWDPort = "56559"
		SlnRelativePath = "JSPractice\"
		DefaultWebSiteLanguage = "Visual C#"
	EndProjectSection
EndProject
Global
	GlobalSection(SolutionConfigurationPlatforms) = preSolution
		Debug|Any CPU = Debug|Any CPU
	EndGlobalSection
	GlobalSection(ProjectConfigurationPlatforms) = postSolution
		{2FDA7012-E6B5-4780-8518-B4C62A6E78F3}.Debug|Any CPU.ActiveCfg = Debug|Any CPU
		{2FDA7012-E6B5-4780-8518-B4C62A6E78F3}.Debug|Any CPU.Build.0 = Debug|Any CPU
	EndGlobalSection
	GlobalSection(SolutionProperties) = preSolution
		HideSolutionNode = FALSE
	EndGlobalSection
	GlobalSection(ExtensibilityGlobals) = postSolution
		SolutionGuid = {D532B8EB-144C-423D-B6F4-69D39804CE91}
	EndGlobalSection
EndGlobal
